
Microsoft Visual Studio Solution File, Format Version 12.00
# Visual Studio Version 17
VisualStudioVersion = 17.0.32112.339
MinimumVisualStudioVersion = 10.0.40219.1
Project("{FAE04EC0-301F-11D3-BF4B-00C04F79EFBC}") = "demoapp", "demoapp\demoapp.csproj", "{C19C68B2-C36D-478F-A923-891692EF4993}"
EndProject
Global
	GlobalSection(SolutionConfigurationPlatforms) = preSolution
		Debug|Any CPU = Debug|Any CPU
		Release|Any CPU = Release|Any CPU
	EndGlobalSection
	GlobalSection(ProjectConfigurationPlatforms) = postSolution
		{C19C68B2-C36D-478F-A923-891692EF4993}.Debug|Any CPU.ActiveCfg = Debug|Any CPU
		{C19C68B2-C36D-478F-A923-891692EF4993}.Debug|Any CPU.Build.0 = Debug|Any CPU
		{C19C68B2-C36D-478F-A923-891692EF4993}.Release|Any CPU.ActiveCfg = Release|Any CPU
		{C19C68B2-C36D-478F-A923-891692EF4993}.Release|Any CPU.Build.0 = Release|Any CPU
	EndGlobalSection
	GlobalSection(SolutionProperties) = preSolution
		HideSolutionNode = FALSE
	EndGlobalSection
	GlobalSection(ExtensibilityGlobals) = postSolution
		SolutionGuid = {C878A679-53A5-411E-AB69-DED7C2BD0F90}
	EndGlobalSection
EndGlobal
